
Microsoft Visual Studio Solution File, Format Version 12.00
# Visual Studio Version 17
VisualStudioVersion = 17.7.34202.233
MinimumVisualStudioVersion = 10.0.40219.1
Project("{9A19103F-16F7-4668-BE54-9A1E7A4F7556}") = "StateMachineExample", "StateMachineExample.csproj", "{A0D94F67-BCEB-47E6-A0E4-E30BBCF0A76A}"
EndProject
Global
	GlobalSection(SolutionConfigurationPlatforms) = preSolution
		Debug|Any CPU = Debug|Any CPU
		Release|Any CPU = Release|Any CPU
	EndGlobalSection
	GlobalSection(ProjectConfigurationPlatforms) = postSolution
		{A0D94F67-BCEB-47E6-A0E4-E30BBCF0A76A}.Debug|Any CPU.ActiveCfg = Debug|Any CPU
		{A0D94F67-BCEB-47E6-A0E4-E30BBCF0A76A}.Debug|Any CPU.Build.0 = Debug|Any CPU
		{A0D94F67-BCEB-47E6-A0E4-E30BBCF0A76A}.Release|Any CPU.ActiveCfg = Release|Any CPU
		{A0D94F67-BCEB-47E6-A0E4-E30BBCF0A76A}.Release|Any CPU.Build.0 = Release|Any CPU
	EndGlobalSection
	GlobalSection(SolutionProperties) = preSolution
		HideSolutionNode = FALSE
	EndGlobalSection
	GlobalSection(ExtensibilityGlobals) = postSolution
		SolutionGuid = {026C23D3-78CE-47E0-AE56-221B2CE0877F}
	EndGlobalSection
EndGlobal
